// !$*UTF8*$!
{
	archiveVersion = 1;
	classes = {
	};
	objectVersion = 55;
	objects = {

/* Begin PBXBuildFile section */
		B60AC81B28BDF78200A3CFDD /* HomeCellFavority.swift in Sources */ = {isa = PBXBuildFile; fileRef = B60AC81928BDF78200A3CFDD /* HomeCellFavority.swift */; };
		B60AC81C28BDF78200A3CFDD /* HomeCellFavority.xib in Resources */ = {isa = PBXBuildFile; fileRef = B60AC81A28BDF78200A3CFDD /* HomeCellFavority.xib */; };
		B60AC82028BEB67600A3CFDD /* RegistUserInfoVC.swift in Sources */ = {isa = PBXBuildFile; fileRef = B60AC81F28BEB67600A3CFDD /* RegistUserInfoVC.swift */; };
		B60F637928C21F3000E857FC /* ETTextField.swift in Sources */ = {isa = PBXBuildFile; fileRef = B60F637828C21F3000E857FC /* ETTextField.swift */; };
		B60F639B28C7235E00E857FC /* ETAlertController.swift in Sources */ = {isa = PBXBuildFile; fileRef = B60F639A28C7235E00E857FC /* ETAlertController.swift */; };
		B60F639D28C72BBA00E857FC /* ETURL.swift in Sources */ = {isa = PBXBuildFile; fileRef = B60F639C28C72BBA00E857FC /* ETURL.swift */; };
		B624FF0528929CA600AC9F62 /* HomeTableHeader.swift in Sources */ = {isa = PBXBuildFile; fileRef = B624FF0328929CA600AC9F62 /* HomeTableHeader.swift */; };
		B624FF0628929CA600AC9F62 /* HomeTableHeader.xib in Resources */ = {isa = PBXBuildFile; fileRef = B624FF0428929CA600AC9F62 /* HomeTableHeader.xib */; };
		B63204572893161700351833 /* HomeSectionHeaderA.swift in Sources */ = {isa = PBXBuildFile; fileRef = B63204552893161700351833 /* HomeSectionHeaderA.swift */; };
		B63204582893161700351833 /* HomeSectionHeaderA.xib in Resources */ = {isa = PBXBuildFile; fileRef = B63204562893161700351833 /* HomeSectionHeaderA.xib */; };
		B63204612893E9F800351833 /* HomeSectionHeaderB.swift in Sources */ = {isa = PBXBuildFile; fileRef = B632045F2893E9F800351833 /* HomeSectionHeaderB.swift */; };
		B63204622893E9F800351833 /* HomeSectionHeaderB.xib in Resources */ = {isa = PBXBuildFile; fileRef = B63204602893E9F800351833 /* HomeSectionHeaderB.xib */; };
		B646B541289441A70008347D /* AnimalTVCell.swift in Sources */ = {isa = PBXBuildFile; fileRef = B646B53F289441A70008347D /* AnimalTVCell.swift */; };
		B646B542289441A70008347D /* AnimalTVCell.xib in Resources */ = {isa = PBXBuildFile; fileRef = B646B540289441A70008347D /* AnimalTVCell.xib */; };
		B646B54528957C6F0008347D /* villagersModel.swift in Sources */ = {isa = PBXBuildFile; fileRef = B646B54428957C6F0008347D /* villagersModel.swift */; };
		B68B4888287C965600D8A7B8 /* AppDelegate.swift in Sources */ = {isa = PBXBuildFile; fileRef = B68B4887287C965600D8A7B8 /* AppDelegate.swift */; };
		B68B488A287C965600D8A7B8 /* SceneDelegate.swift in Sources */ = {isa = PBXBuildFile; fileRef = B68B4889287C965600D8A7B8 /* SceneDelegate.swift */; };
		B68B488C287C965600D8A7B8 /* HomeVC.swift in Sources */ = {isa = PBXBuildFile; fileRef = B68B488B287C965600D8A7B8 /* HomeVC.swift */; };
		B68B488F287C965600D8A7B8 /* Main.storyboard in Resources */ = {isa = PBXBuildFile; fileRef = B68B488D287C965600D8A7B8 /* Main.storyboard */; };
		B68B4891287C965700D8A7B8 /* Assets.xcassets in Resources */ = {isa = PBXBuildFile; fileRef = B68B4890287C965700D8A7B8 /* Assets.xcassets */; };
		B68B4894287C965700D8A7B8 /* LaunchScreen.storyboard in Resources */ = {isa = PBXBuildFile; fileRef = B68B4892287C965700D8A7B8 /* LaunchScreen.storyboard */; };
		B69C9F5E288FD1B600AF30A8 /* DetailTVCell.swift in Sources */ = {isa = PBXBuildFile; fileRef = B69C9F5C288FD1B600AF30A8 /* DetailTVCell.swift */; };
		B69C9F5F288FD1B600AF30A8 /* DetailTVCell.xib in Resources */ = {isa = PBXBuildFile; fileRef = B69C9F5D288FD1B600AF30A8 /* DetailTVCell.xib */; };
		B6C2FEFE288DB5CE003303E7 /* SingletonData.swift in Sources */ = {isa = PBXBuildFile; fileRef = B6C2FEFD288DB5CE003303E7 /* SingletonData.swift */; };
		B6C2FF00288DE7B5003303E7 /* SideMenuContainerView.swift in Sources */ = {isa = PBXBuildFile; fileRef = B6C2FEFF288DE7B5003303E7 /* SideMenuContainerView.swift */; };
		B6C2FF04288DE8FD003303E7 /* TableHeader.swift in Sources */ = {isa = PBXBuildFile; fileRef = B6C2FF03288DE8FD003303E7 /* TableHeader.swift */; };
		B6C2FF06288DE931003303E7 /* TableHeader.xib in Resources */ = {isa = PBXBuildFile; fileRef = B6C2FF05288DE931003303E7 /* TableHeader.xib */; };
		B6C2FF08288DEBA8003303E7 /* SectionHeader.xib in Resources */ = {isa = PBXBuildFile; fileRef = B6C2FF07288DEBA8003303E7 /* SectionHeader.xib */; };
		B6C2FF0A288DEBCA003303E7 /* SectionHeader.swift in Sources */ = {isa = PBXBuildFile; fileRef = B6C2FF09288DEBCA003303E7 /* SectionHeader.swift */; };
		B6C2FF0C288DEC9C003303E7 /* TableFooter.xib in Resources */ = {isa = PBXBuildFile; fileRef = B6C2FF0B288DEC9C003303E7 /* TableFooter.xib */; };
		B6C2FF0E288DECB9003303E7 /* TableFooter.swift in Sources */ = {isa = PBXBuildFile; fileRef = B6C2FF0D288DECB9003303E7 /* TableFooter.swift */; };
		B6CF0844289D93B4002CB89D /* VillagerInfoVC.swift in Sources */ = {isa = PBXBuildFile; fileRef = B6CF0843289D93B4002CB89D /* VillagerInfoVC.swift */; };
		B6CF0846289DB78D002CB89D /* RequestData.swift in Sources */ = {isa = PBXBuildFile; fileRef = B6CF0845289DB78D002CB89D /* RequestData.swift */; };
		B6CF084C289ED4CA002CB89D /* VillagersListMultiVC.swift in Sources */ = {isa = PBXBuildFile; fileRef = B6CF084B289ED4CA002CB89D /* VillagersListMultiVC.swift */; };
		B6DE684E28BBFB2800E95773 /* HomeCellIsland.swift in Sources */ = {isa = PBXBuildFile; fileRef = B6DE684C28BBFB2800E95773 /* HomeCellIsland.swift */; };
		B6DE684F28BBFB2800E95773 /* HomeCellIsland.xib in Resources */ = {isa = PBXBuildFile; fileRef = B6DE684D28BBFB2800E95773 /* HomeCellIsland.xib */; };
		B6DE685328BC0B2500E95773 /* CellA_One.swift in Sources */ = {isa = PBXBuildFile; fileRef = B6DE685128BC0B2500E95773 /* CellA_One.swift */; };
		B6DE685428BC0B2500E95773 /* CellA_One.xib in Resources */ = {isa = PBXBuildFile; fileRef = B6DE685228BC0B2500E95773 /* CellA_One.xib */; };
/* End PBXBuildFile section */

/* Begin PBXFileReference section */
		B60AC81928BDF78200A3CFDD /* HomeCellFavority.swift */ = {isa = PBXFileReference; lastKnownFileType = sourcecode.swift; path = HomeCellFavority.swift; sourceTree = "<group>"; };
		B60AC81A28BDF78200A3CFDD /* HomeCellFavority.xib */ = {isa = PBXFileReference; lastKnownFileType = file.xib; path = HomeCellFavority.xib; sourceTree = "<group>"; };
		B60AC81F28BEB67600A3CFDD /* RegistUserInfoVC.swift */ = {isa = PBXFileReference; lastKnownFileType = sourcecode.swift; path = RegistUserInfoVC.swift; sourceTree = "<group>"; };
		B60F637828C21F3000E857FC /* ETTextField.swift */ = {isa = PBXFileReference; lastKnownFileType = sourcecode.swift; path = ETTextField.swift; sourceTree = "<group>"; };
		B60F639A28C7235E00E857FC /* ETAlertController.swift */ = {isa = PBXFileReference; lastKnownFileType = sourcecode.swift; path = ETAlertController.swift; sourceTree = "<group>"; };
		B60F639C28C72BBA00E857FC /* ETURL.swift */ = {isa = PBXFileReference; lastKnownFileType = sourcecode.swift; path = ETURL.swift; sourceTree = "<group>"; };
		B624FF0328929CA600AC9F62 /* HomeTableHeader.swift */ = {isa = PBXFileReference; lastKnownFileType = sourcecode.swift; path = HomeTableHeader.swift; sourceTree = "<group>"; };
		B624FF0428929CA600AC9F62 /* HomeTableHeader.xib */ = {isa = PBXFileReference; lastKnownFileType = file.xib; path = HomeTableHeader.xib; sourceTree = "<group>"; };
		B63204552893161700351833 /* HomeSectionHeaderA.swift */ = {isa = PBXFileReference; lastKnownFileType = sourcecode.swift; path = HomeSectionHeaderA.swift; sourceTree = "<group>"; };
		B63204562893161700351833 /* HomeSectionHeaderA.xib */ = {isa = PBXFileReference; lastKnownFileType = file.xib; path = HomeSectionHeaderA.xib; sourceTree = "<group>"; };
		B632045F2893E9F800351833 /* HomeSectionHeaderB.swift */ = {isa = PBXFileReference; lastKnownFileType = sourcecode.swift; path = HomeSectionHeaderB.swift; sourceTree = "<group>"; };
		B63204602893E9F800351833 /* HomeSectionHeaderB.xib */ = {isa = PBXFileReference; lastKnownFileType = file.xib; path = HomeSectionHeaderB.xib; sourceTree = "<group>"; };
		B646B53F289441A70008347D /* AnimalTVCell.swift */ = {isa = PBXFileReference; lastKnownFileType = sourcecode.swift; path = AnimalTVCell.swift; sourceTree = "<group>"; };
		B646B540289441A70008347D /* AnimalTVCell.xib */ = {isa = PBXFileReference; lastKnownFileType = file.xib; path = AnimalTVCell.xib; sourceTree = "<group>"; };
		B646B54428957C6F0008347D /* villagersModel.swift */ = {isa = PBXFileReference; lastKnownFileType = sourcecode.swift; path = villagersModel.swift; sourceTree = "<group>"; };
		B68B4884287C965600D8A7B8 /* ACNH_Clone_App.app */ = {isa = PBXFileReference; explicitFileType = wrapper.application; includeInIndex = 0; path = ACNH_Clone_App.app; sourceTree = BUILT_PRODUCTS_DIR; };
		B68B4887287C965600D8A7B8 /* AppDelegate.swift */ = {isa = PBXFileReference; lastKnownFileType = sourcecode.swift; path = AppDelegate.swift; sourceTree = "<group>"; };
		B68B4889287C965600D8A7B8 /* SceneDelegate.swift */ = {isa = PBXFileReference; lastKnownFileType = sourcecode.swift; path = SceneDelegate.swift; sourceTree = "<group>"; };
		B68B488B287C965600D8A7B8 /* HomeVC.swift */ = {isa = PBXFileReference; lastKnownFileType = sourcecode.swift; path = HomeVC.swift; sourceTree = "<group>"; };
		B68B488E287C965600D8A7B8 /* Base */ = {isa = PBXFileReference; lastKnownFileType = file.storyboard; name = Base; path = Base.lproj/Main.storyboard; sourceTree = "<group>"; };
		B68B4890287C965700D8A7B8 /* Assets.xcassets */ = {isa = PBXFileReference; lastKnownFileType = folder.assetcatalog; path = Assets.xcassets; sourceTree = "<group>"; };
		B68B4893287C965700D8A7B8 /* Base */ = {isa = PBXFileReference; lastKnownFileType = file.storyboard; name = Base; path = Base.lproj/LaunchScreen.storyboard; sourceTree = "<group>"; };
		B68B4895287C965700D8A7B8 /* Info.plist */ = {isa = PBXFileReference; lastKnownFileType = text.plist.xml; path = Info.plist; sourceTree = "<group>"; };
		B69C9F5C288FD1B600AF30A8 /* DetailTVCell.swift */ = {isa = PBXFileReference; lastKnownFileType = sourcecode.swift; path = DetailTVCell.swift; sourceTree = "<group>"; };
		B69C9F5D288FD1B600AF30A8 /* DetailTVCell.xib */ = {isa = PBXFileReference; lastKnownFileType = file.xib; path = DetailTVCell.xib; sourceTree = "<group>"; };
		B6C2FEFD288DB5CE003303E7 /* SingletonData.swift */ = {isa = PBXFileReference; lastKnownFileType = sourcecode.swift; path = SingletonData.swift; sourceTree = "<group>"; };
		B6C2FEFF288DE7B5003303E7 /* SideMenuContainerView.swift */ = {isa = PBXFileReference; lastKnownFileType = sourcecode.swift; path = SideMenuContainerView.swift; sourceTree = "<group>"; };
		B6C2FF03288DE8FD003303E7 /* TableHeader.swift */ = {isa = PBXFileReference; lastKnownFileType = sourcecode.swift; path = TableHeader.swift; sourceTree = "<group>"; };
		B6C2FF05288DE931003303E7 /* TableHeader.xib */ = {isa = PBXFileReference; lastKnownFileType = file.xib; path = TableHeader.xib; sourceTree = "<group>"; };
		B6C2FF07288DEBA8003303E7 /* SectionHeader.xib */ = {isa = PBXFileReference; lastKnownFileType = file.xib; path = SectionHeader.xib; sourceTree = "<group>"; };
		B6C2FF09288DEBCA003303E7 /* SectionHeader.swift */ = {isa = PBXFileReference; lastKnownFileType = sourcecode.swift; path = SectionHeader.swift; sourceTree = "<group>"; };
		B6C2FF0B288DEC9C003303E7 /* TableFooter.xib */ = {isa = PBXFileReference; lastKnownFileType = file.xib; path = TableFooter.xib; sourceTree = "<group>"; };
		B6C2FF0D288DECB9003303E7 /* TableFooter.swift */ = {isa = PBXFileReference; lastKnownFileType = sourcecode.swift; path = TableFooter.swift; sourceTree = "<group>"; };
		B6CF0843289D93B4002CB89D /* VillagerInfoVC.swift */ = {isa = PBXFileReference; lastKnownFileType = sourcecode.swift; path = VillagerInfoVC.swift; sourceTree = "<group>"; };
		B6CF0845289DB78D002CB89D /* RequestData.swift */ = {isa = PBXFileReference; lastKnownFileType = sourcecode.swift; path = RequestData.swift; sourceTree = "<group>"; };
		B6CF084B289ED4CA002CB89D /* VillagersListMultiVC.swift */ = {isa = PBXFileReference; lastKnownFileType = sourcecode.swift; path = VillagersListMultiVC.swift; sourceTree = "<group>"; };
		B6DE684C28BBFB2800E95773 /* HomeCellIsland.swift */ = {isa = PBXFileReference; lastKnownFileType = sourcecode.swift; path = HomeCellIsland.swift; sourceTree = "<group>"; };
		B6DE684D28BBFB2800E95773 /* HomeCellIsland.xib */ = {isa = PBXFileReference; lastKnownFileType = file.xib; path = HomeCellIsland.xib; sourceTree = "<group>"; };
		B6DE685128BC0B2500E95773 /* CellA_One.swift */ = {isa = PBXFileReference; lastKnownFileType = sourcecode.swift; path = CellA_One.swift; sourceTree = "<group>"; };
		B6DE685228BC0B2500E95773 /* CellA_One.xib */ = {isa = PBXFileReference; lastKnownFileType = file.xib; path = CellA_One.xib; sourceTree = "<group>"; };
/* End PBXFileReference section */

/* Begin PBXFrameworksBuildPhase section */
		B68B4881287C965600D8A7B8 /* Frameworks */ = {
			isa = PBXFrameworksBuildPhase;
			buildActionMask = 2147483647;
			files = (
			);
			runOnlyForDeploymentPostprocessing = 0;
		};
/* End PBXFrameworksBuildPhase section */

/* Begin PBXGroup section */
		B60F637728C21F0500E857FC /* ET */ = {
			isa = PBXGroup;
			children = (
				B60F637828C21F3000E857FC /* ETTextField.swift */,
				B60F639A28C7235E00E857FC /* ETAlertController.swift */,
				B60F639C28C72BBA00E857FC /* ETURL.swift */,
			);
			name = ET;
			sourceTree = "<group>";
		};
		B624FF0228929C6800AC9F62 /* HomeTableG */ = {
			isa = PBXGroup;
			children = (
				B624FF0428929CA600AC9F62 /* HomeTableHeader.xib */,
				B624FF0328929CA600AC9F62 /* HomeTableHeader.swift */,
				B6320459289317ED00351833 /* Section */,
				B632045A289317FA00351833 /* Cell */,
			);
			path = HomeTableG;
			sourceTree = "<group>";
		};
		B6320459289317ED00351833 /* Section */ = {
			isa = PBXGroup;
			children = (
				B63204562893161700351833 /* HomeSectionHeaderA.xib */,
				B63204552893161700351833 /* HomeSectionHeaderA.swift */,
				B63204602893E9F800351833 /* HomeSectionHeaderB.xib */,
				B632045F2893E9F800351833 /* HomeSectionHeaderB.swift */,
			);
			path = Section;
			sourceTree = "<group>";
		};
		B632045A289317FA00351833 /* Cell */ = {
			isa = PBXGroup;
			children = (
				B6DE684D28BBFB2800E95773 /* HomeCellIsland.xib */,
				B6DE684C28BBFB2800E95773 /* HomeCellIsland.swift */,
				B60AC81A28BDF78200A3CFDD /* HomeCellFavority.xib */,
				B60AC81928BDF78200A3CFDD /* HomeCellFavority.swift */,
				B6DE685028BC006D00E95773 /* CellInCollectionCell */,
			);
			path = Cell;
			sourceTree = "<group>";
		};
		B646B53C289424DE0008347D /* AnimalListG */ = {
			isa = PBXGroup;
			children = (
				B646B540289441A70008347D /* AnimalTVCell.xib */,
				B646B53F289441A70008347D /* AnimalTVCell.swift */,
			);
			path = AnimalListG;
			sourceTree = "<group>";
		};
		B646B543289544F80008347D /* Model */ = {
			isa = PBXGroup;
			children = (
				B646B54428957C6F0008347D /* villagersModel.swift */,
			);
			path = Model;
			sourceTree = "<group>";
		};
		B68B487B287C965600D8A7B8 = {
			isa = PBXGroup;
			children = (
				B68B4886287C965600D8A7B8 /* ACNH_Clone_App */,
				B68B4885287C965600D8A7B8 /* Products */,
			);
			sourceTree = "<group>";
		};
		B68B4885287C965600D8A7B8 /* Products */ = {
			isa = PBXGroup;
			children = (
				B68B4884287C965600D8A7B8 /* ACNH_Clone_App.app */,
			);
			name = Products;
			sourceTree = "<group>";
		};
		B68B4886287C965600D8A7B8 /* ACNH_Clone_App */ = {
			isa = PBXGroup;
			children = (
				B68B4895287C965700D8A7B8 /* Info.plist */,
				B68B4890287C965700D8A7B8 /* Assets.xcassets */,
				B68B4887287C965600D8A7B8 /* AppDelegate.swift */,
				B68B4889287C965600D8A7B8 /* SceneDelegate.swift */,
				B68B4892287C965700D8A7B8 /* LaunchScreen.storyboard */,
				B68B488D287C965600D8A7B8 /* Main.storyboard */,
				B6C2FEFD288DB5CE003303E7 /* SingletonData.swift */,
				B68B489B287C966C00D8A7B8 /* VC */,
				B6C2FF01288DE820003303E7 /* SideMenuG */,
				B624FF0228929C6800AC9F62 /* HomeTableG */,
				B646B53C289424DE0008347D /* AnimalListG */,
				B6FF3C0D2895BCEC000C0DC4 /* RequestJSON */,
				B646B543289544F80008347D /* Model */,
				B60F637728C21F0500E857FC /* ET */,
			);
			path = ACNH_Clone_App;
			sourceTree = "<group>";
		};
		B68B489B287C966C00D8A7B8 /* VC */ = {
			isa = PBXGroup;
			children = (
				B68B488B287C965600D8A7B8 /* HomeVC.swift */,
				B6CF0843289D93B4002CB89D /* VillagerInfoVC.swift */,
				B6CF084B289ED4CA002CB89D /* VillagersListMultiVC.swift */,
				B60AC81F28BEB67600A3CFDD /* RegistUserInfoVC.swift */,
			);
			path = VC;
			sourceTree = "<group>";
		};
		B6C2FF01288DE820003303E7 /* SideMenuG */ = {
			isa = PBXGroup;
			children = (
				B6C2FEFF288DE7B5003303E7 /* SideMenuContainerView.swift */,
				B6C2FF02288DE88F003303E7 /* TableView */,
			);
			path = SideMenuG;
			sourceTree = "<group>";
		};
		B6C2FF02288DE88F003303E7 /* TableView */ = {
			isa = PBXGroup;
			children = (
				B6C2FF05288DE931003303E7 /* TableHeader.xib */,
				B6C2FF03288DE8FD003303E7 /* TableHeader.swift */,
				B6C2FF07288DEBA8003303E7 /* SectionHeader.xib */,
				B6C2FF09288DEBCA003303E7 /* SectionHeader.swift */,
				B69C9F5D288FD1B600AF30A8 /* DetailTVCell.xib */,
				B69C9F5C288FD1B600AF30A8 /* DetailTVCell.swift */,
				B6C2FF0B288DEC9C003303E7 /* TableFooter.xib */,
				B6C2FF0D288DECB9003303E7 /* TableFooter.swift */,
			);
			path = TableView;
			sourceTree = "<group>";
		};
		B6DE685028BC006D00E95773 /* CellInCollectionCell */ = {
			isa = PBXGroup;
			children = (
				B6DE685228BC0B2500E95773 /* CellA_One.xib */,
				B6DE685128BC0B2500E95773 /* CellA_One.swift */,
			);
			name = CellInCollectionCell;
			sourceTree = "<group>";
		};
		B6FF3C0D2895BCEC000C0DC4 /* RequestJSON */ = {
			isa = PBXGroup;
			children = (
				B6CF0845289DB78D002CB89D /* RequestData.swift */,
			);
			path = RequestJSON;
			sourceTree = "<group>";
		};
/* End PBXGroup section */

/* Begin PBXNativeTarget section */
		B68B4883287C965600D8A7B8 /* ACNH_Clone_App */ = {
			isa = PBXNativeTarget;
			buildConfigurationList = B68B4898287C965700D8A7B8 /* Build configuration list for PBXNativeTarget "ACNH_Clone_App" */;
			buildPhases = (
				B68B4880287C965600D8A7B8 /* Sources */,
				B68B4881287C965600D8A7B8 /* Frameworks */,
				B68B4882287C965600D8A7B8 /* Resources */,
			);
			buildRules = (
			);
			dependencies = (
			);
			name = ACNH_Clone_App;
			productName = ACNH_Clone_App;
			productReference = B68B4884287C965600D8A7B8 /* ACNH_Clone_App.app */;
			productType = "com.apple.product-type.application";
		};
/* End PBXNativeTarget section */

/* Begin PBXProject section */
		B68B487C287C965600D8A7B8 /* Project object */ = {
			isa = PBXProject;
			attributes = {
				BuildIndependentTargetsInParallel = 1;
				LastSwiftUpdateCheck = 1320;
				LastUpgradeCheck = 1320;
				TargetAttributes = {
					B68B4883287C965600D8A7B8 = {
						CreatedOnToolsVersion = 13.2.1;
					};
				};
			};
			buildConfigurationList = B68B487F287C965600D8A7B8 /* Build configuration list for PBXProject "ACNH_Clone_App" */;
			compatibilityVersion = "Xcode 13.0";
			developmentRegion = en;
			hasScannedForEncodings = 0;
			knownRegions = (
				en,
				Base,
			);
			mainGroup = B68B487B287C965600D8A7B8;
			productRefGroup = B68B4885287C965600D8A7B8 /* Products */;
			projectDirPath = "";
			projectRoot = "";
			targets = (
				B68B4883287C965600D8A7B8 /* ACNH_Clone_App */,
			);
		};
/* End PBXProject section */

/* Begin PBXResourcesBuildPhase section */
		B68B4882287C965600D8A7B8 /* Resources */ = {
			isa = PBXResourcesBuildPhase;
			buildActionMask = 2147483647;
			files = (
				B68B4894287C965700D8A7B8 /* LaunchScreen.storyboard in Resources */,
				B646B542289441A70008347D /* AnimalTVCell.xib in Resources */,
				B6C2FF0C288DEC9C003303E7 /* TableFooter.xib in Resources */,
				B6C2FF06288DE931003303E7 /* TableHeader.xib in Resources */,
				B6DE684F28BBFB2800E95773 /* HomeCellIsland.xib in Resources */,
				B69C9F5F288FD1B600AF30A8 /* DetailTVCell.xib in Resources */,
				B60AC81C28BDF78200A3CFDD /* HomeCellFavority.xib in Resources */,
				B6C2FF08288DEBA8003303E7 /* SectionHeader.xib in Resources */,
				B6DE685428BC0B2500E95773 /* CellA_One.xib in Resources */,
				B68B4891287C965700D8A7B8 /* Assets.xcassets in Resources */,
				B624FF0628929CA600AC9F62 /* HomeTableHeader.xib in Resources */,
				B68B488F287C965600D8A7B8 /* Main.storyboard in Resources */,
				B63204622893E9F800351833 /* HomeSectionHeaderB.xib in Resources */,
				B63204582893161700351833 /* HomeSectionHeaderA.xib in Resources */,
			);
			runOnlyForDeploymentPostprocessing = 0;
		};
/* End PBXResourcesBuildPhase section */

/* Begin PBXSourcesBuildPhase section */
		B68B4880287C965600D8A7B8 /* Sources */ = {
			isa = PBXSourcesBuildPhase;
			buildActionMask = 2147483647;
			files = (
				B624FF0528929CA600AC9F62 /* HomeTableHeader.swift in Sources */,
				B69C9F5E288FD1B600AF30A8 /* DetailTVCell.swift in Sources */,
				B6DE685328BC0B2500E95773 /* CellA_One.swift in Sources */,
				B6CF0844289D93B4002CB89D /* VillagerInfoVC.swift in Sources */,
				B68B488C287C965600D8A7B8 /* HomeVC.swift in Sources */,
				B6CF084C289ED4CA002CB89D /* VillagersListMultiVC.swift in Sources */,
				B60AC81B28BDF78200A3CFDD /* HomeCellFavority.swift in Sources */,
				B63204572893161700351833 /* HomeSectionHeaderA.swift in Sources */,
				B60AC82028BEB67600A3CFDD /* RegistUserInfoVC.swift in Sources */,
				B68B4888287C965600D8A7B8 /* AppDelegate.swift in Sources */,
				B63204612893E9F800351833 /* HomeSectionHeaderB.swift in Sources */,
				B68B488A287C965600D8A7B8 /* SceneDelegate.swift in Sources */,
				B60F639B28C7235E00E857FC /* ETAlertController.swift in Sources */,
				B60F639D28C72BBA00E857FC /* ETURL.swift in Sources */,
				B646B541289441A70008347D /* AnimalTVCell.swift in Sources */,
				B60F637928C21F3000E857FC /* ETTextField.swift in Sources */,
				B646B54528957C6F0008347D /* villagersModel.swift in Sources */,
				B6C2FF0E288DECB9003303E7 /* TableFooter.swift in Sources */,
				B6CF0846289DB78D002CB89D /* RequestData.swift in Sources */,
				B6DE684E28BBFB2800E95773 /* HomeCellIsland.swift in Sources */,
				B6C2FF0A288DEBCA003303E7 /* SectionHeader.swift in Sources */,
				B6C2FEFE288DB5CE003303E7 /* SingletonData.swift in Sources */,
				B6C2FF00288DE7B5003303E7 /* SideMenuContainerView.swift in Sources */,
				B6C2FF04288DE8FD003303E7 /* TableHeader.swift in Sources */,
			);
			runOnlyForDeploymentPostprocessing = 0;
		};
/* End PBXSourcesBuildPhase section */

/* Begin PBXVariantGroup section */
		B68B488D287C965600D8A7B8 /* Main.storyboard */ = {
			isa = PBXVariantGroup;
			children = (
				B68B488E287C965600D8A7B8 /* Base */,
			);
			name = Main.storyboard;
			sourceTree = "<group>";
		};
		B68B4892287C965700D8A7B8 /* LaunchScreen.storyboard */ = {
			isa = PBXVariantGroup;
			children = (
				B68B4893287C965700D8A7B8 /* Base */,
			);
			name = LaunchScreen.storyboard;
			sourceTree = "<group>";
		};
/* End PBXVariantGroup section */

/* Begin XCBuildConfiguration section */
		B68B4896287C965700D8A7B8 /* Debug */ = {
			isa = XCBuildConfiguration;
			buildSettings = {
				ALWAYS_SEARCH_USER_PATHS = NO;
				CLANG_ANALYZER_NONNULL = YES;
				CLANG_ANALYZER_NUMBER_OBJECT_CONVERSION = YES_AGGRESSIVE;
				CLANG_CXX_LANGUAGE_STANDARD = "gnu++17";
				CLANG_CXX_LIBRARY = "libc++";
				CLANG_ENABLE_MODULES = YES;
				CLANG_ENABLE_OBJC_ARC = YES;
				CLANG_ENABLE_OBJC_WEAK = YES;
				CLANG_WARN_BLOCK_CAPTURE_AUTORELEASING = YES;
				CLANG_WARN_BOOL_CONVERSION = YES;
				CLANG_WARN_COMMA = YES;
				CLANG_WARN_CONSTANT_CONVERSION = YES;
				CLANG_WARN_DEPRECATED_OBJC_IMPLEMENTATIONS = YES;
				CLANG_WARN_DIRECT_OBJC_ISA_USAGE = YES_ERROR;
				CLANG_WARN_DOCUMENTATION_COMMENTS = YES;
				CLANG_WARN_EMPTY_BODY = YES;
				CLANG_WARN_ENUM_CONVERSION = YES;
				CLANG_WARN_INFINITE_RECURSION = YES;
				CLANG_WARN_INT_CONVERSION = YES;
				CLANG_WARN_NON_LITERAL_NULL_CONVERSION = YES;
				CLANG_WARN_OBJC_IMPLICIT_RETAIN_SELF = YES;
				CLANG_WARN_OBJC_LITERAL_CONVERSION = YES;
				CLANG_WARN_OBJC_ROOT_CLASS = YES_ERROR;
				CLANG_WARN_QUOTED_INCLUDE_IN_FRAMEWORK_HEADER = YES;
				CLANG_WARN_RANGE_LOOP_ANALYSIS = YES;
				CLANG_WARN_STRICT_PROTOTYPES = YES;
				CLANG_WARN_SUSPICIOUS_MOVE = YES;
				CLANG_WARN_UNGUARDED_AVAILABILITY = YES_AGGRESSIVE;
				CLANG_WARN_UNREACHABLE_CODE = YES;
				CLANG_WARN__DUPLICATE_METHOD_MATCH = YES;
				COPY_PHASE_STRIP = NO;
				DEBUG_INFORMATION_FORMAT = dwarf;
				ENABLE_STRICT_OBJC_MSGSEND = YES;
				ENABLE_TESTABILITY = YES;
				GCC_C_LANGUAGE_STANDARD = gnu11;
				GCC_DYNAMIC_NO_PIC = NO;
				GCC_NO_COMMON_BLOCKS = YES;
				GCC_OPTIMIZATION_LEVEL = 0;
				GCC_PREPROCESSOR_DEFINITIONS = (
					"DEBUG=1",
					"$(inherited)",
				);
				GCC_WARN_64_TO_32_BIT_CONVERSION = YES;
				GCC_WARN_ABOUT_RETURN_TYPE = YES_ERROR;
				GCC_WARN_UNDECLARED_SELECTOR = YES;
				GCC_WARN_UNINITIALIZED_AUTOS = YES_AGGRESSIVE;
				GCC_WARN_UNUSED_FUNCTION = YES;
				GCC_WARN_UNUSED_VARIABLE = YES;
				IPHONEOS_DEPLOYMENT_TARGET = 15.2;
				MTL_ENABLE_DEBUG_INFO = INCLUDE_SOURCE;
				MTL_FAST_MATH = YES;
				ONLY_ACTIVE_ARCH = YES;
				SDKROOT = iphoneos;
				SWIFT_ACTIVE_COMPILATION_CONDITIONS = DEBUG;
				SWIFT_OPTIMIZATION_LEVEL = "-Onone";
			};
			name = Debug;
		};
		B68B4897287C965700D8A7B8 /* Release */ = {
			isa = XCBuildConfiguration;
			buildSettings = {
				ALWAYS_SEARCH_USER_PATHS = NO;
				CLANG_ANALYZER_NONNULL = YES;
				CLANG_ANALYZER_NUMBER_OBJECT_CONVERSION = YES_AGGRESSIVE;
				CLANG_CXX_LANGUAGE_STANDARD = "gnu++17";
				CLANG_CXX_LIBRARY = "libc++";
				CLANG_ENABLE_MODULES = YES;
				CLANG_ENABLE_OBJC_ARC = YES;
				CLANG_ENABLE_OBJC_WEAK = YES;
				CLANG_WARN_BLOCK_CAPTURE_AUTORELEASING = YES;
				CLANG_WARN_BOOL_CONVERSION = YES;
				CLANG_WARN_COMMA = YES;
				CLANG_WARN_CONSTANT_CONVERSION = YES;
				CLANG_WARN_DEPRECATED_OBJC_IMPLEMENTATIONS = YES;
				CLANG_WARN_DIRECT_OBJC_ISA_USAGE = YES_ERROR;
				CLANG_WARN_DOCUMENTATION_COMMENTS = YES;
				CLANG_WARN_EMPTY_BODY = YES;
				CLANG_WARN_ENUM_CONVERSION = YES;
				CLANG_WARN_INFINITE_RECURSION = YES;
				CLANG_WARN_INT_CONVERSION = YES;
				CLANG_WARN_NON_LITERAL_NULL_CONVERSION = YES;
				CLANG_WARN_OBJC_IMPLICIT_RETAIN_SELF = YES;
				CLANG_WARN_OBJC_LITERAL_CONVERSION = YES;
				CLANG_WARN_OBJC_ROOT_CLASS = YES_ERROR;
				CLANG_WARN_QUOTED_INCLUDE_IN_FRAMEWORK_HEADER = YES;
				CLANG_WARN_RANGE_LOOP_ANALYSIS = YES;
				CLANG_WARN_STRICT_PROTOTYPES = YES;
				CLANG_WARN_SUSPICIOUS_MOVE = YES;
				CLANG_WARN_UNGUARDED_AVAILABILITY = YES_AGGRESSIVE;
				CLANG_WARN_UNREACHABLE_CODE = YES;
				CLANG_WARN__DUPLICATE_METHOD_MATCH = YES;
				COPY_PHASE_STRIP = NO;
				DEBUG_INFORMATION_FORMAT = "dwarf-with-dsym";
				ENABLE_NS_ASSERTIONS = NO;
				ENABLE_STRICT_OBJC_MSGSEND = YES;
				GCC_C_LANGUAGE_STANDARD = gnu11;
				GCC_NO_COMMON_BLOCKS = YES;
				GCC_WARN_64_TO_32_BIT_CONVERSION = YES;
				GCC_WARN_ABOUT_RETURN_TYPE = YES_ERROR;
				GCC_WARN_UNDECLARED_SELECTOR = YES;
				GCC_WARN_UNINITIALIZED_AUTOS = YES_AGGRESSIVE;
				GCC_WARN_UNUSED_FUNCTION = YES;
				GCC_WARN_UNUSED_VARIABLE = YES;
				IPHONEOS_DEPLOYMENT_TARGET = 15.2;
				MTL_ENABLE_DEBUG_INFO = NO;
				MTL_FAST_MATH = YES;
				SDKROOT = iphoneos;
				SWIFT_COMPILATION_MODE = wholemodule;
				SWIFT_OPTIMIZATION_LEVEL = "-O";
				VALIDATE_PRODUCT = YES;
			};
			name = Release;
		};
		B68B4899287C965700D8A7B8 /* Debug */ = {
			isa = XCBuildConfiguration;
			buildSettings = {
				ASSETCATALOG_COMPILER_APPICON_NAME = AppIcon;
				ASSETCATALOG_COMPILER_GLOBAL_ACCENT_COLOR_NAME = AccentColor;
				ASSETCATALOG_COMPILER_INCLUDE_ALL_APPICON_ASSETS = NO;
				CODE_SIGN_STYLE = Automatic;
				CURRENT_PROJECT_VERSION = 1;
				GENERATE_INFOPLIST_FILE = YES;
				INFOPLIST_FILE = ACNH_Clone_App/Info.plist;
				INFOPLIST_KEY_UIApplicationSupportsIndirectInputEvents = YES;
				INFOPLIST_KEY_UILaunchStoryboardName = LaunchScreen;
				INFOPLIST_KEY_UIMainStoryboardFile = Main;
				INFOPLIST_KEY_UISupportedInterfaceOrientations_iPad = "UIInterfaceOrientationPortrait UIInterfaceOrientationPortraitUpsideDown UIInterfaceOrientationLandscapeLeft UIInterfaceOrientationLandscapeRight";
				INFOPLIST_KEY_UISupportedInterfaceOrientations_iPhone = "UIInterfaceOrientationPortrait UIInterfaceOrientationLandscapeLeft UIInterfaceOrientationLandscapeRight";
				LD_RUNPATH_SEARCH_PATHS = (
					"$(inherited)",
					"@executable_path/Frameworks",
				);
				MARKETING_VERSION = 1.0;
				PRODUCT_BUNDLE_IDENTIFIER = "blog.libroid.ios.ACNH-Clone-App";
				PRODUCT_NAME = "$(TARGET_NAME)";
				SWIFT_EMIT_LOC_STRINGS = YES;
				SWIFT_VERSION = 5.0;
				TARGETED_DEVICE_FAMILY = 1;
			};
			name = Debug;
		};
		B68B489A287C965700D8A7B8 /* Release */ = {
			isa = XCBuildConfiguration;
			buildSettings = {
				ASSETCATALOG_COMPILER_APPICON_NAME = AppIcon;
				ASSETCATALOG_COMPILER_GLOBAL_ACCENT_COLOR_NAME = AccentColor;
				ASSETCATALOG_COMPILER_INCLUDE_ALL_APPICON_ASSETS = NO;
				CODE_SIGN_STYLE = Automatic;
				CURRENT_PROJECT_VERSION = 1;
				GENERATE_INFOPLIST_FILE = YES;
				INFOPLIST_FILE = ACNH_Clone_App/Info.plist;
				INFOPLIST_KEY_UIApplicationSupportsIndirectInputEvents = YES;
				INFOPLIST_KEY_UILaunchStoryboardName = LaunchScreen;
				INFOPLIST_KEY_UIMainStoryboardFile = Main;
				INFOPLIST_KEY_UISupportedInterfaceOrientations_iPad = "UIInterfaceOrientationPortrait UIInterfaceOrientationPortraitUpsideDown UIInterfaceOrientationLandscapeLeft UIInterfaceOrientationLandscapeRight";
				INFOPLIST_KEY_UISupportedInterfaceOrientations_iPhone = "UIInterfaceOrientationPortrait UIInterfaceOrientationLandscapeLeft UIInterfaceOrientationLandscapeRight";
				LD_RUNPATH_SEARCH_PATHS = (
					"$(inherited)",
					"@executable_path/Frameworks",
				);
				MARKETING_VERSION = 1.0;
				PRODUCT_BUNDLE_IDENTIFIER = "blog.libroid.ios.ACNH-Clone-App";
				PRODUCT_NAME = "$(TARGET_NAME)";
				SWIFT_EMIT_LOC_STRINGS = YES;
				SWIFT_VERSION = 5.0;
				TARGETED_DEVICE_FAMILY = 1;
			};
			name = Release;
		};
/* End XCBuildConfiguration section */

/* Begin XCConfigurationList section */
		B68B487F287C965600D8A7B8 /* Build configuration list for PBXProject "ACNH_Clone_App" */ = {
			isa = XCConfigurationList;
			buildConfigurations = (
				B68B4896287C965700D8A7B8 /* Debug */,
				B68B4897287C965700D8A7B8 /* Release */,
			);
			defaultConfigurationIsVisible = 0;
			defaultConfigurationName = Release;
		};
		B68B4898287C965700D8A7B8 /* Build configuration list for PBXNativeTarget "ACNH_Clone_App" */ = {
			isa = XCConfigurationList;
			buildConfigurations = (
				B68B4899287C965700D8A7B8 /* Debug */,
				B68B489A287C965700D8A7B8 /* Release */,
			);
			defaultConfigurationIsVisible = 0;
			defaultConfigurationName = Release;
		};
/* End XCConfigurationList section */
	};
	rootObject = B68B487C287C965600D8A7B8 /* Project object */;
}
